
Microsoft Visual Studio Solution File, Format Version 12.00
# Visual Studio Version 16
VisualStudioVersion = 16.0.30709.132
MinimumVisualStudioVersion = 10.0.40219.1
Project("{FAE04EC0-301F-11D3-BF4B-00C04F79EFBC}") = "BakeryLib", "BakeryLib\BakeryLib.csproj", "{F48AD4AD-46E2-405F-8A38-03035DFD1372}"
EndProject
Project("{FAE04EC0-301F-11D3-BF4B-00C04F79EFBC}") = "Tests", "Tests\Tests.csproj", "{FC8F4861-BF8F-4848-A2F7-31095EB67754}"
EndProject
Global
	GlobalSection(SolutionConfigurationPlatforms) = preSolution
		Debug|Any CPU = Debug|Any CPU
		Release|Any CPU = Release|Any CPU
	EndGlobalSection
	GlobalSection(ProjectConfigurationPlatforms) = postSolution
		{F48AD4AD-46E2-405F-8A38-03035DFD1372}.Debug|Any CPU.ActiveCfg = Debug|Any CPU
		{F48AD4AD-46E2-405F-8A38-03035DFD1372}.Debug|Any CPU.Build.0 = Debug|Any CPU
		{F48AD4AD-46E2-405F-8A38-03035DFD1372}.Release|Any CPU.ActiveCfg = Release|Any CPU
		{F48AD4AD-46E2-405F-8A38-03035DFD1372}.Release|Any CPU.Build.0 = Release|Any CPU
		{FC8F4861-BF8F-4848-A2F7-31095EB67754}.Debug|Any CPU.ActiveCfg = Debug|Any CPU
		{FC8F4861-BF8F-4848-A2F7-31095EB67754}.Debug|Any CPU.Build.0 = Debug|Any CPU
		{FC8F4861-BF8F-4848-A2F7-31095EB67754}.Release|Any CPU.ActiveCfg = Release|Any CPU
		{FC8F4861-BF8F-4848-A2F7-31095EB67754}.Release|Any CPU.Build.0 = Release|Any CPU
	EndGlobalSection
	GlobalSection(SolutionProperties) = preSolution
		HideSolutionNode = FALSE
	EndGlobalSection
	GlobalSection(ExtensibilityGlobals) = postSolution
		SolutionGuid = {61330F40-4C36-41D1-8277-5D5E59EB8065}
	EndGlobalSection
EndGlobal
