
Microsoft Visual Studio Solution File, Format Version 12.00
# Visual Studio Version 16
VisualStudioVersion = 16.0.30709.132
MinimumVisualStudioVersion = 10.0.40219.1
Project("{FAE04EC0-301F-11D3-BF4B-00C04F79EFBC}") = "ProductLib", "ProductLib.csproj", "{8D64952E-8690-4518-AC5A-E7B2150CB08D}"
EndProject
Project("{FAE04EC0-301F-11D3-BF4B-00C04F79EFBC}") = "UnitTests", "..\UnitTests\UnitTests.csproj", "{E855D490-4C72-4453-9EC9-1DC1056D64AA}"
EndProject
Global
	GlobalSection(SolutionConfigurationPlatforms) = preSolution
		Debug|Any CPU = Debug|Any CPU
		Release|Any CPU = Release|Any CPU
	EndGlobalSection
	GlobalSection(ProjectConfigurationPlatforms) = postSolution
		{8D64952E-8690-4518-AC5A-E7B2150CB08D}.Debug|Any CPU.ActiveCfg = Debug|Any CPU
		{8D64952E-8690-4518-AC5A-E7B2150CB08D}.Debug|Any CPU.Build.0 = Debug|Any CPU
		{8D64952E-8690-4518-AC5A-E7B2150CB08D}.Release|Any CPU.ActiveCfg = Release|Any CPU
		{8D64952E-8690-4518-AC5A-E7B2150CB08D}.Release|Any CPU.Build.0 = Release|Any CPU
		{E855D490-4C72-4453-9EC9-1DC1056D64AA}.Debug|Any CPU.ActiveCfg = Debug|Any CPU
		{E855D490-4C72-4453-9EC9-1DC1056D64AA}.Debug|Any CPU.Build.0 = Debug|Any CPU
		{E855D490-4C72-4453-9EC9-1DC1056D64AA}.Release|Any CPU.ActiveCfg = Release|Any CPU
		{E855D490-4C72-4453-9EC9-1DC1056D64AA}.Release|Any CPU.Build.0 = Release|Any CPU
	EndGlobalSection
	GlobalSection(SolutionProperties) = preSolution
		HideSolutionNode = FALSE
	EndGlobalSection
	GlobalSection(ExtensibilityGlobals) = postSolution
		SolutionGuid = {D2264DAC-D837-475F-89A7-C42F131E0DB8}
	EndGlobalSection
EndGlobal
